
Microsoft Visual Studio Solution File, Format Version 12.00
# Visual Studio Version 16
VisualStudioVersion = 16.0.29920.165
MinimumVisualStudioVersion = 10.0.40219.1
Project("{FAE04EC0-301F-11D3-BF4B-00C04F79EFBC}") = "RecursiveCallPainting", "RecursiveCallPainting\RecursiveCallPainting.csproj", "{7F96B9B0-2475-4FAE-A1F5-CEAE17BDC77C}"
EndProject
Global
	GlobalSection(SolutionConfigurationPlatforms) = preSolution
		Debug|Any CPU = Debug|Any CPU
		Release|Any CPU = Release|Any CPU
	EndGlobalSection
	GlobalSection(ProjectConfigurationPlatforms) = postSolution
		{7F96B9B0-2475-4FAE-A1F5-CEAE17BDC77C}.Debug|Any CPU.ActiveCfg = Debug|Any CPU
		{7F96B9B0-2475-4FAE-A1F5-CEAE17BDC77C}.Debug|Any CPU.Build.0 = Debug|Any CPU
		{7F96B9B0-2475-4FAE-A1F5-CEAE17BDC77C}.Release|Any CPU.ActiveCfg = Release|Any CPU
		{7F96B9B0-2475-4FAE-A1F5-CEAE17BDC77C}.Release|Any CPU.Build.0 = Release|Any CPU
	EndGlobalSection
	GlobalSection(SolutionProperties) = preSolution
		HideSolutionNode = FALSE
	EndGlobalSection
	GlobalSection(ExtensibilityGlobals) = postSolution
		SolutionGuid = {11FFC02F-D58E-4D69-90D1-97331E652FA8}
	EndGlobalSection
EndGlobal
